{
  "name": "assignment3",
  "lockfileVersion": 3,
  "requires": true,
  "packages": {
    "": {
      "dependencies": {
        "random-splice": "^2.0.1"
      }
    },
    "node_modules/random-splice": {
      "version": "2.0.1",
      "resolved": "https://registry.npmjs.org/random-splice/-/random-splice-2.0.1.tgz",
      "integrity": "sha512-PVEQGL6CwcSacO2Ra+zy1lAAQvbaQf8ZDDUAxsqpmb0o2qJRhhGKRJgCVG9EFZP41Z1Nrloq3HWNgT2c7stBBQ==",
      "funding": {
        "url": "https://github.com/sponsors/scriptex"
      }
    }
  }
}
